
Microsoft Visual Studio Solution File, Format Version 12.00
# Visual Studio Version 16
VisualStudioVersion = 16.0.29911.84
MinimumVisualStudioVersion = 10.0.40219.1
Project("{FAE04EC0-301F-11D3-BF4B-00C04F79EFBC}") = "BlazorApp1", "BlazorApp1\BlazorApp1.csproj", "{DAF7614D-3F06-48E7-8CB4-53DEA0DDD3A2}"
EndProject
Global
	GlobalSection(SolutionConfigurationPlatforms) = preSolution
		Debug|Any CPU = Debug|Any CPU
		Release|Any CPU = Release|Any CPU
	EndGlobalSection
	GlobalSection(ProjectConfigurationPlatforms) = postSolution
		{DAF7614D-3F06-48E7-8CB4-53DEA0DDD3A2}.Debug|Any CPU.ActiveCfg = Debug|Any CPU
		{DAF7614D-3F06-48E7-8CB4-53DEA0DDD3A2}.Debug|Any CPU.Build.0 = Debug|Any CPU
		{DAF7614D-3F06-48E7-8CB4-53DEA0DDD3A2}.Release|Any CPU.ActiveCfg = Release|Any CPU
		{DAF7614D-3F06-48E7-8CB4-53DEA0DDD3A2}.Release|Any CPU.Build.0 = Release|Any CPU
	EndGlobalSection
	GlobalSection(SolutionProperties) = preSolution
		HideSolutionNode = FALSE
	EndGlobalSection
	GlobalSection(ExtensibilityGlobals) = postSolution
		SolutionGuid = {FF77E923-FBF2-4C73-8FA7-7E605DC23AFD}
	EndGlobalSection
EndGlobal
